
Microsoft Visual Studio Solution File, Format Version 12.00
# Visual Studio Version 16
VisualStudioVersion = 16.0.30406.217
MinimumVisualStudioVersion = 10.0.40219.1
Project("{FAE04EC0-301F-11D3-BF4B-00C04F79EFBC}") = "HotelApp", "HotelApp\HotelApp.csproj", "{D2C549FC-A3D3-4894-A4FD-1DE5C14A5F20}"
EndProject
Project("{9A19103F-16F7-4668-BE54-9A1E7A4F7556}") = "HotelApp.BLL", "HotelApp.BLL\HotelApp.BLL.csproj", "{F3E94661-CFC9-4BF5-8FE7-D703A9616556}"
EndProject
Project("{9A19103F-16F7-4668-BE54-9A1E7A4F7556}") = "HotelApp.DAL", "HotelApp.DAL\HotelApp.DAL.csproj", "{F9251C10-F4CD-45B4-AAF0-C85F2EC8A7CE}"
EndProject
Global
	GlobalSection(SolutionConfigurationPlatforms) = preSolution
		Debug|Any CPU = Debug|Any CPU
		Release|Any CPU = Release|Any CPU
	EndGlobalSection
	GlobalSection(ProjectConfigurationPlatforms) = postSolution
		{D2C549FC-A3D3-4894-A4FD-1DE5C14A5F20}.Debug|Any CPU.ActiveCfg = Debug|Any CPU
		{D2C549FC-A3D3-4894-A4FD-1DE5C14A5F20}.Debug|Any CPU.Build.0 = Debug|Any CPU
		{D2C549FC-A3D3-4894-A4FD-1DE5C14A5F20}.Release|Any CPU.ActiveCfg = Release|Any CPU
		{D2C549FC-A3D3-4894-A4FD-1DE5C14A5F20}.Release|Any CPU.Build.0 = Release|Any CPU
		{F3E94661-CFC9-4BF5-8FE7-D703A9616556}.Debug|Any CPU.ActiveCfg = Debug|Any CPU
		{F3E94661-CFC9-4BF5-8FE7-D703A9616556}.Debug|Any CPU.Build.0 = Debug|Any CPU
		{F3E94661-CFC9-4BF5-8FE7-D703A9616556}.Release|Any CPU.ActiveCfg = Release|Any CPU
		{F3E94661-CFC9-4BF5-8FE7-D703A9616556}.Release|Any CPU.Build.0 = Release|Any CPU
		{F9251C10-F4CD-45B4-AAF0-C85F2EC8A7CE}.Debug|Any CPU.ActiveCfg = Debug|Any CPU
		{F9251C10-F4CD-45B4-AAF0-C85F2EC8A7CE}.Debug|Any CPU.Build.0 = Debug|Any CPU
		{F9251C10-F4CD-45B4-AAF0-C85F2EC8A7CE}.Release|Any CPU.ActiveCfg = Release|Any CPU
		{F9251C10-F4CD-45B4-AAF0-C85F2EC8A7CE}.Release|Any CPU.Build.0 = Release|Any CPU
	EndGlobalSection
	GlobalSection(SolutionProperties) = preSolution
		HideSolutionNode = FALSE
	EndGlobalSection
	GlobalSection(ExtensibilityGlobals) = postSolution
		SolutionGuid = {1CC9A968-8674-4F7C-B1A2-EA71CCEB6193}
	EndGlobalSection
EndGlobal
