
Microsoft Visual Studio Solution File, Format Version 12.00
# Visual Studio Version 16
VisualStudioVersion = 16.0.30406.217
MinimumVisualStudioVersion = 10.0.40219.1
Project("{9A19103F-16F7-4668-BE54-9A1E7A4F7556}") = "LinkedListCollection", "LinkedListCollection\LinkedListCollection.csproj", "{3EAEB6C2-6DF2-4273-AE51-7F3E16E7109A}"
EndProject
Project("{9A19103F-16F7-4668-BE54-9A1E7A4F7556}") = "LinkedListCollection.Tests", "LinkedListCollection.Tests\LinkedListCollection.Tests.csproj", "{5834C690-5129-4133-8804-ED19D385E846}"
EndProject
Global
	GlobalSection(SolutionConfigurationPlatforms) = preSolution
		Debug|Any CPU = Debug|Any CPU
		Release|Any CPU = Release|Any CPU
	EndGlobalSection
	GlobalSection(ProjectConfigurationPlatforms) = postSolution
		{3EAEB6C2-6DF2-4273-AE51-7F3E16E7109A}.Debug|Any CPU.ActiveCfg = Debug|Any CPU
		{3EAEB6C2-6DF2-4273-AE51-7F3E16E7109A}.Debug|Any CPU.Build.0 = Debug|Any CPU
		{3EAEB6C2-6DF2-4273-AE51-7F3E16E7109A}.Release|Any CPU.ActiveCfg = Release|Any CPU
		{3EAEB6C2-6DF2-4273-AE51-7F3E16E7109A}.Release|Any CPU.Build.0 = Release|Any CPU
		{5834C690-5129-4133-8804-ED19D385E846}.Debug|Any CPU.ActiveCfg = Debug|Any CPU
		{5834C690-5129-4133-8804-ED19D385E846}.Debug|Any CPU.Build.0 = Debug|Any CPU
		{5834C690-5129-4133-8804-ED19D385E846}.Release|Any CPU.ActiveCfg = Release|Any CPU
		{5834C690-5129-4133-8804-ED19D385E846}.Release|Any CPU.Build.0 = Release|Any CPU
	EndGlobalSection
	GlobalSection(SolutionProperties) = preSolution
		HideSolutionNode = FALSE
	EndGlobalSection
	GlobalSection(ExtensibilityGlobals) = postSolution
		SolutionGuid = {FFB8C164-3393-4E0F-8CBB-B05846B2F023}
	EndGlobalSection
EndGlobal
